<Solution>
  <Project Path="HotelBooking.Api/HotelBooking.Api.csproj" />
  <Project Path="HotelBooking.Domain/HotelBooking.Domain.csproj" />
  <Project Path="HotelBooking.Infrastructure/HotelBooking.Infrastructure.csproj" />
  <Folder Name="/tests/">
    <Project Path="../tests/HotelBooking.Tests/HotelBooking.Tests.csproj" />
  </Folder>
</Solution>
